// !$*UTF8*$!
{
	archiveVersion = 1;
	classes = {
	};
	objectVersion = 48;
	objects = {

/* Begin PBXBuildFile section */
		D8007A151F9C5BDD00090F60 /* TransactionTableViewCell.swift in Sources */ = {isa = PBXBuildFile; fileRef = D8007A141F9C5BDD00090F60 /* TransactionTableViewCell.swift */; };
		D8A85C581F9CEB9C009C6931 /* PublicationViewController.swift in Sources */ = {isa = PBXBuildFile; fileRef = D8A85C571F9CEB9C009C6931 /* PublicationViewController.swift */; };
		D8EC12FE1F9C0A1500228623 /* AppDelegate.swift in Sources */ = {isa = PBXBuildFile; fileRef = D8EC12FD1F9C0A1500228623 /* AppDelegate.swift */; };
		D8EC13031F9C0A1500228623 /* Main.storyboard in Resources */ = {isa = PBXBuildFile; fileRef = D8EC13011F9C0A1500228623 /* Main.storyboard */; };
		D8EC13051F9C0A1500228623 /* Assets.xcassets in Resources */ = {isa = PBXBuildFile; fileRef = D8EC13041F9C0A1500228623 /* Assets.xcassets */; };
		D8EC13081F9C0A1500228623 /* LaunchScreen.storyboard in Resources */ = {isa = PBXBuildFile; fileRef = D8EC13061F9C0A1500228623 /* LaunchScreen.storyboard */; };
		D8EC13101F9C0BC900228623 /* InitializeUserViewController.swift in Sources */ = {isa = PBXBuildFile; fileRef = D8EC130F1F9C0BC900228623 /* InitializeUserViewController.swift */; };
		D8EC13121F9C0FC100228623 /* ContractsViewController.swift in Sources */ = {isa = PBXBuildFile; fileRef = D8EC13111F9C0FC100228623 /* ContractsViewController.swift */; };
		D8EC13141F9C108C00228623 /* ContractTableViewCell.swift in Sources */ = {isa = PBXBuildFile; fileRef = D8EC13131F9C108C00228623 /* ContractTableViewCell.swift */; };
		D8EC13181F9C2A8D00228623 /* TransactionViewController.swift in Sources */ = {isa = PBXBuildFile; fileRef = D8EC13171F9C2A8D00228623 /* TransactionViewController.swift */; };
		D8EC131B1F9C2B4700228623 /* Contract.swift in Sources */ = {isa = PBXBuildFile; fileRef = D8EC131A1F9C2B4700228623 /* Contract.swift */; };
		D8EC131D1F9C318900228623 /* Transaction.swift in Sources */ = {isa = PBXBuildFile; fileRef = D8EC131C1F9C318900228623 /* Transaction.swift */; };
		E67767E5B588C690B32B3E8C /* Pods_Chainer.framework in Frameworks */ = {isa = PBXBuildFile; fileRef = 32CC251F069AAB688CC32C1A /* Pods_Chainer.framework */; };
/* End PBXBuildFile section */

/* Begin PBXFileReference section */
		32CC251F069AAB688CC32C1A /* Pods_Chainer.framework */ = {isa = PBXFileReference; explicitFileType = wrapper.framework; includeInIndex = 0; path = Pods_Chainer.framework; sourceTree = BUILT_PRODUCTS_DIR; };
		9AD1EBCA7ABA3EB2E8A936B5 /* Pods-Chainer.release.xcconfig */ = {isa = PBXFileReference; includeInIndex = 1; lastKnownFileType = text.xcconfig; name = "Pods-Chainer.release.xcconfig"; path = "Pods/Target Support Files/Pods-Chainer/Pods-Chainer.release.xcconfig"; sourceTree = "<group>"; };
		D8007A141F9C5BDD00090F60 /* TransactionTableViewCell.swift */ = {isa = PBXFileReference; lastKnownFileType = sourcecode.swift; path = TransactionTableViewCell.swift; sourceTree = "<group>"; };
		D8A85C571F9CEB9C009C6931 /* PublicationViewController.swift */ = {isa = PBXFileReference; lastKnownFileType = sourcecode.swift; path = PublicationViewController.swift; sourceTree = "<group>"; };
		D8EC12FA1F9C0A1400228623 /* Chainer.app */ = {isa = PBXFileReference; explicitFileType = wrapper.application; includeInIndex = 0; path = Chainer.app; sourceTree = BUILT_PRODUCTS_DIR; };
		D8EC12FD1F9C0A1500228623 /* AppDelegate.swift */ = {isa = PBXFileReference; lastKnownFileType = sourcecode.swift; path = AppDelegate.swift; sourceTree = "<group>"; };
		D8EC13021F9C0A1500228623 /* Base */ = {isa = PBXFileReference; lastKnownFileType = file.storyboard; name = Base; path = Base.lproj/Main.storyboard; sourceTree = "<group>"; };
		D8EC13041F9C0A1500228623 /* Assets.xcassets */ = {isa = PBXFileReference; lastKnownFileType = folder.assetcatalog; path = Assets.xcassets; sourceTree = "<group>"; };
		D8EC13071F9C0A1500228623 /* Base */ = {isa = PBXFileReference; lastKnownFileType = file.storyboard; name = Base; path = Base.lproj/LaunchScreen.storyboard; sourceTree = "<group>"; };
		D8EC13091F9C0A1500228623 /* Info.plist */ = {isa = PBXFileReference; lastKnownFileType = text.plist.xml; path = Info.plist; sourceTree = "<group>"; };
		D8EC130F1F9C0BC900228623 /* InitializeUserViewController.swift */ = {isa = PBXFileReference; lastKnownFileType = sourcecode.swift; path = InitializeUserViewController.swift; sourceTree = "<group>"; };
		D8EC13111F9C0FC100228623 /* ContractsViewController.swift */ = {isa = PBXFileReference; lastKnownFileType = sourcecode.swift; path = ContractsViewController.swift; sourceTree = "<group>"; };
		D8EC13131F9C108C00228623 /* ContractTableViewCell.swift */ = {isa = PBXFileReference; lastKnownFileType = sourcecode.swift; path = ContractTableViewCell.swift; sourceTree = "<group>"; };
		D8EC13171F9C2A8D00228623 /* TransactionViewController.swift */ = {isa = PBXFileReference; lastKnownFileType = sourcecode.swift; path = TransactionViewController.swift; sourceTree = "<group>"; };
		D8EC131A1F9C2B4700228623 /* Contract.swift */ = {isa = PBXFileReference; lastKnownFileType = sourcecode.swift; path = Contract.swift; sourceTree = "<group>"; };
		D8EC131C1F9C318900228623 /* Transaction.swift */ = {isa = PBXFileReference; lastKnownFileType = sourcecode.swift; path = Transaction.swift; sourceTree = "<group>"; };
		E4C7CA0A213243A640181057 /* Pods-Chainer.debug.xcconfig */ = {isa = PBXFileReference; includeInIndex = 1; lastKnownFileType = text.xcconfig; name = "Pods-Chainer.debug.xcconfig"; path = "Pods/Target Support Files/Pods-Chainer/Pods-Chainer.debug.xcconfig"; sourceTree = "<group>"; };
/* End PBXFileReference section */

/* Begin PBXFrameworksBuildPhase section */
		D8EC12F71F9C0A1400228623 /* Frameworks */ = {
			isa = PBXFrameworksBuildPhase;
			buildActionMask = 2147483647;
			files = (
				E67767E5B588C690B32B3E8C /* Pods_Chainer.framework in Frameworks */,
			);
			runOnlyForDeploymentPostprocessing = 0;
		};
/* End PBXFrameworksBuildPhase section */

/* Begin PBXGroup section */
		5ACBA9281A68809A52C862C8 /* Pods */ = {
			isa = PBXGroup;
			children = (
				E4C7CA0A213243A640181057 /* Pods-Chainer.debug.xcconfig */,
				9AD1EBCA7ABA3EB2E8A936B5 /* Pods-Chainer.release.xcconfig */,
			);
			name = Pods;
			sourceTree = "<group>";
		};
		D8EC12F11F9C0A1400228623 = {
			isa = PBXGroup;
			children = (
				D8EC13191F9C2B2300228623 /* Model */,
				D8EC12FC1F9C0A1400228623 /* Chainer */,
				D8EC12FB1F9C0A1400228623 /* Products */,
				5ACBA9281A68809A52C862C8 /* Pods */,
				ED682F1C084A7DDFF6E08211 /* Frameworks */,
			);
			sourceTree = "<group>";
		};
		D8EC12FB1F9C0A1400228623 /* Products */ = {
			isa = PBXGroup;
			children = (
				D8EC12FA1F9C0A1400228623 /* Chainer.app */,
			);
			name = Products;
			sourceTree = "<group>";
		};
		D8EC12FC1F9C0A1400228623 /* Chainer */ = {
			isa = PBXGroup;
			children = (
				D8EC130F1F9C0BC900228623 /* InitializeUserViewController.swift */,
				D8EC12FD1F9C0A1500228623 /* AppDelegate.swift */,
				D8EC13011F9C0A1500228623 /* Main.storyboard */,
				D8EC13041F9C0A1500228623 /* Assets.xcassets */,
				D8EC13061F9C0A1500228623 /* LaunchScreen.storyboard */,
				D8EC13091F9C0A1500228623 /* Info.plist */,
				D8EC13111F9C0FC100228623 /* ContractsViewController.swift */,
				D8EC13131F9C108C00228623 /* ContractTableViewCell.swift */,
				D8EC13171F9C2A8D00228623 /* TransactionViewController.swift */,
				D8007A141F9C5BDD00090F60 /* TransactionTableViewCell.swift */,
				D8A85C571F9CEB9C009C6931 /* PublicationViewController.swift */,
			);
			path = Chainer;
			sourceTree = "<group>";
		};
		D8EC13191F9C2B2300228623 /* Model */ = {
			isa = PBXGroup;
			children = (
				D8EC131A1F9C2B4700228623 /* Contract.swift */,
				D8EC131C1F9C318900228623 /* Transaction.swift */,
			);
			path = Model;
			sourceTree = "<group>";
		};
		ED682F1C084A7DDFF6E08211 /* Frameworks */ = {
			isa = PBXGroup;
			children = (
				32CC251F069AAB688CC32C1A /* Pods_Chainer.framework */,
			);
			name = Frameworks;
			sourceTree = "<group>";
		};
/* End PBXGroup section */

/* Begin PBXNativeTarget section */
		D8EC12F91F9C0A1400228623 /* Chainer */ = {
			isa = PBXNativeTarget;
			buildConfigurationList = D8EC130C1F9C0A1500228623 /* Build configuration list for PBXNativeTarget "Chainer" */;
			buildPhases = (
				1404FFF1A06B7FCD844C991E /* [CP] Check Pods Manifest.lock */,
				D8EC12F61F9C0A1400228623 /* Sources */,
				D8EC12F71F9C0A1400228623 /* Frameworks */,
				D8EC12F81F9C0A1400228623 /* Resources */,
				F88F2794D0442F7CE0BDC522 /* [CP] Embed Pods Frameworks */,
				4975CB82AF812C6BA814548E /* [CP] Copy Pods Resources */,
			);
			buildRules = (
			);
			dependencies = (
			);
			name = Chainer;
			productName = Chainer;
			productReference = D8EC12FA1F9C0A1400228623 /* Chainer.app */;
			productType = "com.apple.product-type.application";
		};
/* End PBXNativeTarget section */

/* Begin PBXProject section */
		D8EC12F21F9C0A1400228623 /* Project object */ = {
			isa = PBXProject;
			attributes = {
				LastSwiftUpdateCheck = 0900;
				LastUpgradeCheck = 0900;
				ORGANIZATIONNAME = Chainer;
				TargetAttributes = {
					D8EC12F91F9C0A1400228623 = {
						CreatedOnToolsVersion = 9.0.1;
						ProvisioningStyle = Automatic;
					};
				};
			};
			buildConfigurationList = D8EC12F51F9C0A1400228623 /* Build configuration list for PBXProject "Chainer" */;
			compatibilityVersion = "Xcode 8.0";
			developmentRegion = en;
			hasScannedForEncodings = 0;
			knownRegions = (
				en,
				Base,
			);
			mainGroup = D8EC12F11F9C0A1400228623;
			productRefGroup = D8EC12FB1F9C0A1400228623 /* Products */;
			projectDirPath = "";
			projectRoot = "";
			targets = (
				D8EC12F91F9C0A1400228623 /* Chainer */,
			);
		};
/* End PBXProject section */

/* Begin PBXResourcesBuildPhase section */
		D8EC12F81F9C0A1400228623 /* Resources */ = {
			isa = PBXResourcesBuildPhase;
			buildActionMask = 2147483647;
			files = (
				D8EC13081F9C0A1500228623 /* LaunchScreen.storyboard in Resources */,
				D8EC13051F9C0A1500228623 /* Assets.xcassets in Resources */,
				D8EC13031F9C0A1500228623 /* Main.storyboard in Resources */,
			);
			runOnlyForDeploymentPostprocessing = 0;
		};
/* End PBXResourcesBuildPhase section */

/* Begin PBXShellScriptBuildPhase section */
		1404FFF1A06B7FCD844C991E /* [CP] Check Pods Manifest.lock */ = {
			isa = PBXShellScriptBuildPhase;
			buildActionMask = 2147483647;
			files = (
			);
			inputPaths = (
				"${PODS_PODFILE_DIR_PATH}/Podfile.lock",
				"${PODS_ROOT}/Manifest.lock",
			);
			name = "[CP] Check Pods Manifest.lock";
			outputPaths = (
				"$(DERIVED_FILE_DIR)/Pods-Chainer-checkManifestLockResult.txt",
			);
			runOnlyForDeploymentPostprocessing = 0;
			shellPath = /bin/sh;
			shellScript = "diff \"${PODS_PODFILE_DIR_PATH}/Podfile.lock\" \"${PODS_ROOT}/Manifest.lock\" > /dev/null\nif [ $? != 0 ] ; then\n    # print error to STDERR\n    echo \"error: The sandbox is not in sync with the Podfile.lock. Run 'pod install' or update your CocoaPods installation.\" >&2\n    exit 1\nfi\n# This output is used by Xcode 'outputs' to avoid re-running this script phase.\necho \"SUCCESS\" > \"${SCRIPT_OUTPUT_FILE_0}\"\n";
			showEnvVarsInLog = 0;
		};
		4975CB82AF812C6BA814548E /* [CP] Copy Pods Resources */ = {
			isa = PBXShellScriptBuildPhase;
			buildActionMask = 2147483647;
			files = (
			);
			inputPaths = (
			);
			name = "[CP] Copy Pods Resources";
			outputPaths = (
			);
			runOnlyForDeploymentPostprocessing = 0;
			shellPath = /bin/sh;
			shellScript = "\"${SRCROOT}/Pods/Target Support Files/Pods-Chainer/Pods-Chainer-resources.sh\"\n";
			showEnvVarsInLog = 0;
		};
		F88F2794D0442F7CE0BDC522 /* [CP] Embed Pods Frameworks */ = {
			isa = PBXShellScriptBuildPhase;
			buildActionMask = 2147483647;
			files = (
			);
			inputPaths = (
				"${SRCROOT}/Pods/Target Support Files/Pods-Chainer/Pods-Chainer-frameworks.sh",
				"${BUILT_PRODUCTS_DIR}/Alamofire/Alamofire.framework",
				"${BUILT_PRODUCTS_DIR}/FlatUIKit/FlatUIKit.framework",
			);
			name = "[CP] Embed Pods Frameworks";
			outputPaths = (
				"${TARGET_BUILD_DIR}/${FRAMEWORKS_FOLDER_PATH}/Alamofire.framework",
				"${TARGET_BUILD_DIR}/${FRAMEWORKS_FOLDER_PATH}/FlatUIKit.framework",
			);
			runOnlyForDeploymentPostprocessing = 0;
			shellPath = /bin/sh;
			shellScript = "\"${SRCROOT}/Pods/Target Support Files/Pods-Chainer/Pods-Chainer-frameworks.sh\"\n";
			showEnvVarsInLog = 0;
		};
/* End PBXShellScriptBuildPhase section */

/* Begin PBXSourcesBuildPhase section */
		D8EC12F61F9C0A1400228623 /* Sources */ = {
			isa = PBXSourcesBuildPhase;
			buildActionMask = 2147483647;
			files = (
				D8EC131D1F9C318900228623 /* Transaction.swift in Sources */,
				D8EC13181F9C2A8D00228623 /* TransactionViewController.swift in Sources */,
				D8A85C581F9CEB9C009C6931 /* PublicationViewController.swift in Sources */,
				D8007A151F9C5BDD00090F60 /* TransactionTableViewCell.swift in Sources */,
				D8EC12FE1F9C0A1500228623 /* AppDelegate.swift in Sources */,
				D8EC13101F9C0BC900228623 /* InitializeUserViewController.swift in Sources */,
				D8EC131B1F9C2B4700228623 /* Contract.swift in Sources */,
				D8EC13121F9C0FC100228623 /* ContractsViewController.swift in Sources */,
				D8EC13141F9C108C00228623 /* ContractTableViewCell.swift in Sources */,
			);
			runOnlyForDeploymentPostprocessing = 0;
		};
/* End PBXSourcesBuildPhase section */

/* Begin PBXVariantGroup section */
		D8EC13011F9C0A1500228623 /* Main.storyboard */ = {
			isa = PBXVariantGroup;
			children = (
				D8EC13021F9C0A1500228623 /* Base */,
			);
			name = Main.storyboard;
			sourceTree = "<group>";
		};
		D8EC13061F9C0A1500228623 /* LaunchScreen.storyboard */ = {
			isa = PBXVariantGroup;
			children = (
				D8EC13071F9C0A1500228623 /* Base */,
			);
			name = LaunchScreen.storyboard;
			sourceTree = "<group>";
		};
/* End PBXVariantGroup section */

/* Begin XCBuildConfiguration section */
		D8EC130A1F9C0A1500228623 /* Debug */ = {
			isa = XCBuildConfiguration;
			buildSettings = {
				ALWAYS_SEARCH_USER_PATHS = NO;
				CLANG_ANALYZER_NONNULL = YES;
				CLANG_ANALYZER_NUMBER_OBJECT_CONVERSION = YES_AGGRESSIVE;
				CLANG_CXX_LANGUAGE_STANDARD = "gnu++14";
				CLANG_CXX_LIBRARY = "libc++";
				CLANG_ENABLE_MODULES = YES;
				CLANG_ENABLE_OBJC_ARC = YES;
				CLANG_WARN_BLOCK_CAPTURE_AUTORELEASING = YES;
				CLANG_WARN_BOOL_CONVERSION = YES;
				CLANG_WARN_COMMA = YES;
				CLANG_WARN_CONSTANT_CONVERSION = YES;
				CLANG_WARN_DIRECT_OBJC_ISA_USAGE = YES_ERROR;
				CLANG_WARN_DOCUMENTATION_COMMENTS = YES;
				CLANG_WARN_EMPTY_BODY = YES;
				CLANG_WARN_ENUM_CONVERSION = YES;
				CLANG_WARN_INFINITE_RECURSION = YES;
				CLANG_WARN_INT_CONVERSION = YES;
				CLANG_WARN_NON_LITERAL_NULL_CONVERSION = YES;
				CLANG_WARN_OBJC_LITERAL_CONVERSION = YES;
				CLANG_WARN_OBJC_ROOT_CLASS = YES_ERROR;
				CLANG_WARN_RANGE_LOOP_ANALYSIS = YES;
				CLANG_WARN_STRICT_PROTOTYPES = YES;
				CLANG_WARN_SUSPICIOUS_MOVE = YES;
				CLANG_WARN_UNGUARDED_AVAILABILITY = YES_AGGRESSIVE;
				CLANG_WARN_UNREACHABLE_CODE = YES;
				CLANG_WARN__DUPLICATE_METHOD_MATCH = YES;
				CODE_SIGN_IDENTITY = "iPhone Developer";
				COPY_PHASE_STRIP = NO;
				DEBUG_INFORMATION_FORMAT = dwarf;
				ENABLE_STRICT_OBJC_MSGSEND = YES;
				ENABLE_TESTABILITY = YES;
				GCC_C_LANGUAGE_STANDARD = gnu11;
				GCC_DYNAMIC_NO_PIC = NO;
				GCC_NO_COMMON_BLOCKS = YES;
				GCC_OPTIMIZATION_LEVEL = 0;
				GCC_PREPROCESSOR_DEFINITIONS = (
					"DEBUG=1",
					"$(inherited)",
				);
				GCC_WARN_64_TO_32_BIT_CONVERSION = YES;
				GCC_WARN_ABOUT_RETURN_TYPE = YES_ERROR;
				GCC_WARN_UNDECLARED_SELECTOR = YES;
				GCC_WARN_UNINITIALIZED_AUTOS = YES_AGGRESSIVE;
				GCC_WARN_UNUSED_FUNCTION = YES;
				GCC_WARN_UNUSED_VARIABLE = YES;
				IPHONEOS_DEPLOYMENT_TARGET = 11.0;
				MTL_ENABLE_DEBUG_INFO = YES;
				ONLY_ACTIVE_ARCH = YES;
				SDKROOT = iphoneos;
				SWIFT_ACTIVE_COMPILATION_CONDITIONS = DEBUG;
				SWIFT_OPTIMIZATION_LEVEL = "-Onone";
			};
			name = Debug;
		};
		D8EC130B1F9C0A1500228623 /* Release */ = {
			isa = XCBuildConfiguration;
			buildSettings = {
				ALWAYS_SEARCH_USER_PATHS = NO;
				CLANG_ANALYZER_NONNULL = YES;
				CLANG_ANALYZER_NUMBER_OBJECT_CONVERSION = YES_AGGRESSIVE;
				CLANG_CXX_LANGUAGE_STANDARD = "gnu++14";
				CLANG_CXX_LIBRARY = "libc++";
				CLANG_ENABLE_MODULES = YES;
				CLANG_ENABLE_OBJC_ARC = YES;
				CLANG_WARN_BLOCK_CAPTURE_AUTORELEASING = YES;
				CLANG_WARN_BOOL_CONVERSION = YES;
				CLANG_WARN_COMMA = YES;
				CLANG_WARN_CONSTANT_CONVERSION = YES;
				CLANG_WARN_DIRECT_OBJC_ISA_USAGE = YES_ERROR;
				CLANG_WARN_DOCUMENTATION_COMMENTS = YES;
				CLANG_WARN_EMPTY_BODY = YES;
				CLANG_WARN_ENUM_CONVERSION = YES;
				CLANG_WARN_INFINITE_RECURSION = YES;
				CLANG_WARN_INT_CONVERSION = YES;
				CLANG_WARN_NON_LITERAL_NULL_CONVERSION = YES;
				CLANG_WARN_OBJC_LITERAL_CONVERSION = YES;
				CLANG_WARN_OBJC_ROOT_CLASS = YES_ERROR;
				CLANG_WARN_RANGE_LOOP_ANALYSIS = YES;
				CLANG_WARN_STRICT_PROTOTYPES = YES;
				CLANG_WARN_SUSPICIOUS_MOVE = YES;
				CLANG_WARN_UNGUARDED_AVAILABILITY = YES_AGGRESSIVE;
				CLANG_WARN_UNREACHABLE_CODE = YES;
				CLANG_WARN__DUPLICATE_METHOD_MATCH = YES;
				CODE_SIGN_IDENTITY = "iPhone Developer";
				COPY_PHASE_STRIP = NO;
				DEBUG_INFORMATION_FORMAT = "dwarf-with-dsym";
				ENABLE_NS_ASSERTIONS = NO;
				ENABLE_STRICT_OBJC_MSGSEND = YES;
				GCC_C_LANGUAGE_STANDARD = gnu11;
				GCC_NO_COMMON_BLOCKS = YES;
				GCC_WARN_64_TO_32_BIT_CONVERSION = YES;
				GCC_WARN_ABOUT_RETURN_TYPE = YES_ERROR;
				GCC_WARN_UNDECLARED_SELECTOR = YES;
				GCC_WARN_UNINITIALIZED_AUTOS = YES_AGGRESSIVE;
				GCC_WARN_UNUSED_FUNCTION = YES;
				GCC_WARN_UNUSED_VARIABLE = YES;
				IPHONEOS_DEPLOYMENT_TARGET = 11.0;
				MTL_ENABLE_DEBUG_INFO = NO;
				SDKROOT = iphoneos;
				SWIFT_OPTIMIZATION_LEVEL = "-Owholemodule";
				VALIDATE_PRODUCT = YES;
			};
			name = Release;
		};
		D8EC130D1F9C0A1500228623 /* Debug */ = {
			isa = XCBuildConfiguration;
			baseConfigurationReference = E4C7CA0A213243A640181057 /* Pods-Chainer.debug.xcconfig */;
			buildSettings = {
				ASSETCATALOG_COMPILER_APPICON_NAME = AppIcon;
				CODE_SIGN_STYLE = Automatic;
				DEVELOPMENT_TEAM = 7R8AL3CEL5;
				INFOPLIST_FILE = Chainer/Info.plist;
				IPHONEOS_DEPLOYMENT_TARGET = 9.0;
				LD_RUNPATH_SEARCH_PATHS = "$(inherited) @executable_path/Frameworks";
				PRODUCT_BUNDLE_IDENTIFIER = Chainer.Chainer;
				PRODUCT_NAME = "$(TARGET_NAME)";
				SWIFT_VERSION = 4.0;
				TARGETED_DEVICE_FAMILY = "1,2";
			};
			name = Debug;
		};
		D8EC130E1F9C0A1500228623 /* Release */ = {
			isa = XCBuildConfiguration;
			baseConfigurationReference = 9AD1EBCA7ABA3EB2E8A936B5 /* Pods-Chainer.release.xcconfig */;
			buildSettings = {
				ASSETCATALOG_COMPILER_APPICON_NAME = AppIcon;
				CODE_SIGN_STYLE = Automatic;
				DEVELOPMENT_TEAM = 7R8AL3CEL5;
				INFOPLIST_FILE = Chainer/Info.plist;
				IPHONEOS_DEPLOYMENT_TARGET = 9.0;
				LD_RUNPATH_SEARCH_PATHS = "$(inherited) @executable_path/Frameworks";
				PRODUCT_BUNDLE_IDENTIFIER = Chainer.Chainer;
				PRODUCT_NAME = "$(TARGET_NAME)";
				SWIFT_VERSION = 4.0;
				TARGETED_DEVICE_FAMILY = "1,2";
			};
			name = Release;
		};
/* End XCBuildConfiguration section */

/* Begin XCConfigurationList section */
		D8EC12F51F9C0A1400228623 /* Build configuration list for PBXProject "Chainer" */ = {
			isa = XCConfigurationList;
			buildConfigurations = (
				D8EC130A1F9C0A1500228623 /* Debug */,
				D8EC130B1F9C0A1500228623 /* Release */,
			);
			defaultConfigurationIsVisible = 0;
			defaultConfigurationName = Release;
		};
		D8EC130C1F9C0A1500228623 /* Build configuration list for PBXNativeTarget "Chainer" */ = {
			isa = XCConfigurationList;
			buildConfigurations = (
				D8EC130D1F9C0A1500228623 /* Debug */,
				D8EC130E1F9C0A1500228623 /* Release */,
			);
			defaultConfigurationIsVisible = 0;
			defaultConfigurationName = Release;
		};
/* End XCConfigurationList section */
	};
	rootObject = D8EC12F21F9C0A1400228623 /* Project object */;
}
